// !$*UTF8*$!
{
	archiveVersion = 1;
	classes = {
	};
	objectVersion = 55;
	objects = {

/* Begin PBXBuildFile section */
		A905AA84274ADF93000DF2DF /* AppDelegate.swift in Sources */ = {isa = PBXBuildFile; fileRef = A905AA83274ADF93000DF2DF /* AppDelegate.swift */; };
		A905AA86274ADF93000DF2DF /* SceneDelegate.swift in Sources */ = {isa = PBXBuildFile; fileRef = A905AA85274ADF93000DF2DF /* SceneDelegate.swift */; };
		A905AA88274ADF93000DF2DF /* HomeViewController.swift in Sources */ = {isa = PBXBuildFile; fileRef = A905AA87274ADF93000DF2DF /* HomeViewController.swift */; };
		A905AA8B274ADF93000DF2DF /* Main.storyboard in Resources */ = {isa = PBXBuildFile; fileRef = A905AA89274ADF93000DF2DF /* Main.storyboard */; };
		A905AA8D274ADF96000DF2DF /* Assets.xcassets in Resources */ = {isa = PBXBuildFile; fileRef = A905AA8C274ADF96000DF2DF /* Assets.xcassets */; };
		A905AA90274ADF96000DF2DF /* LaunchScreen.storyboard in Resources */ = {isa = PBXBuildFile; fileRef = A905AA8E274ADF96000DF2DF /* LaunchScreen.storyboard */; };
		A905AA9F274AE487000DF2DF /* ExploreViewController.swift in Sources */ = {isa = PBXBuildFile; fileRef = A905AA9E274AE487000DF2DF /* ExploreViewController.swift */; };
		A905AAA1274AE4BF000DF2DF /* CameraViewController.swift in Sources */ = {isa = PBXBuildFile; fileRef = A905AAA0274AE4BE000DF2DF /* CameraViewController.swift */; };
		A905AAA3274AE4D1000DF2DF /* NotificationsViewController.swift in Sources */ = {isa = PBXBuildFile; fileRef = A905AAA2274AE4D1000DF2DF /* NotificationsViewController.swift */; };
		A905AAA5274AE4DA000DF2DF /* ProfileViewController.swift in Sources */ = {isa = PBXBuildFile; fileRef = A905AAA4274AE4DA000DF2DF /* ProfileViewController.swift */; };
		A96E685C274C23810026BB8F /* LoginViewController.swift in Sources */ = {isa = PBXBuildFile; fileRef = A96E685B274C23810026BB8F /* LoginViewController.swift */; };
		A96E685E274C238F0026BB8F /* RegistrationViewController.swift in Sources */ = {isa = PBXBuildFile; fileRef = A96E685D274C238F0026BB8F /* RegistrationViewController.swift */; };
		A96E6860274C23BD0026BB8F /* PostViewController.swift in Sources */ = {isa = PBXBuildFile; fileRef = A96E685F274C23BD0026BB8F /* PostViewController.swift */; };
		A96E6862274C23D80026BB8F /* EditProfileViewController.swift in Sources */ = {isa = PBXBuildFile; fileRef = A96E6861274C23D80026BB8F /* EditProfileViewController.swift */; };
		A96E6864274C23F40026BB8F /* SettingsViewController.swift in Sources */ = {isa = PBXBuildFile; fileRef = A96E6863274C23F40026BB8F /* SettingsViewController.swift */; };
		A96E6866274C24080026BB8F /* ListViewController.swift in Sources */ = {isa = PBXBuildFile; fileRef = A96E6865274C24080026BB8F /* ListViewController.swift */; };
		A96E6868274C24190026BB8F /* SearchViewController.swift in Sources */ = {isa = PBXBuildFile; fileRef = A96E6867274C24190026BB8F /* SearchViewController.swift */; };
		A96E686A274C24270026BB8F /* SearchResultViewController.swift in Sources */ = {isa = PBXBuildFile; fileRef = A96E6869274C24270026BB8F /* SearchResultViewController.swift */; };
		A96E686C274C244E0026BB8F /* PostEditorViewController.swift in Sources */ = {isa = PBXBuildFile; fileRef = A96E686B274C244E0026BB8F /* PostEditorViewController.swift */; };
		A96E686E274C245E0026BB8F /* PublishPostViewController.swift in Sources */ = {isa = PBXBuildFile; fileRef = A96E686D274C245E0026BB8F /* PublishPostViewController.swift */; };
/* End PBXBuildFile section */

/* Begin PBXFileReference section */
		A905AA80274ADF93000DF2DF /* Instagram.app */ = {isa = PBXFileReference; explicitFileType = wrapper.application; includeInIndex = 0; path = Instagram.app; sourceTree = BUILT_PRODUCTS_DIR; };
		A905AA83274ADF93000DF2DF /* AppDelegate.swift */ = {isa = PBXFileReference; lastKnownFileType = sourcecode.swift; path = AppDelegate.swift; sourceTree = "<group>"; };
		A905AA85274ADF93000DF2DF /* SceneDelegate.swift */ = {isa = PBXFileReference; lastKnownFileType = sourcecode.swift; path = SceneDelegate.swift; sourceTree = "<group>"; };
		A905AA87274ADF93000DF2DF /* HomeViewController.swift */ = {isa = PBXFileReference; lastKnownFileType = sourcecode.swift; path = HomeViewController.swift; sourceTree = "<group>"; };
		A905AA8A274ADF93000DF2DF /* Base */ = {isa = PBXFileReference; lastKnownFileType = file.storyboard; name = Base; path = Base.lproj/Main.storyboard; sourceTree = "<group>"; };
		A905AA8C274ADF96000DF2DF /* Assets.xcassets */ = {isa = PBXFileReference; lastKnownFileType = folder.assetcatalog; path = Assets.xcassets; sourceTree = "<group>"; };
		A905AA8F274ADF96000DF2DF /* Base */ = {isa = PBXFileReference; lastKnownFileType = file.storyboard; name = Base; path = Base.lproj/LaunchScreen.storyboard; sourceTree = "<group>"; };
		A905AA91274ADF96000DF2DF /* Info.plist */ = {isa = PBXFileReference; lastKnownFileType = text.plist.xml; path = Info.plist; sourceTree = "<group>"; };
		A905AA9E274AE487000DF2DF /* ExploreViewController.swift */ = {isa = PBXFileReference; lastKnownFileType = sourcecode.swift; path = ExploreViewController.swift; sourceTree = "<group>"; };
		A905AAA0274AE4BE000DF2DF /* CameraViewController.swift */ = {isa = PBXFileReference; lastKnownFileType = sourcecode.swift; path = CameraViewController.swift; sourceTree = "<group>"; };
		A905AAA2274AE4D1000DF2DF /* NotificationsViewController.swift */ = {isa = PBXFileReference; lastKnownFileType = sourcecode.swift; path = NotificationsViewController.swift; sourceTree = "<group>"; };
		A905AAA4274AE4DA000DF2DF /* ProfileViewController.swift */ = {isa = PBXFileReference; lastKnownFileType = sourcecode.swift; path = ProfileViewController.swift; sourceTree = "<group>"; };
		A96E685B274C23810026BB8F /* LoginViewController.swift */ = {isa = PBXFileReference; lastKnownFileType = sourcecode.swift; path = LoginViewController.swift; sourceTree = "<group>"; };
		A96E685D274C238F0026BB8F /* RegistrationViewController.swift */ = {isa = PBXFileReference; lastKnownFileType = sourcecode.swift; path = RegistrationViewController.swift; sourceTree = "<group>"; };
		A96E685F274C23BD0026BB8F /* PostViewController.swift */ = {isa = PBXFileReference; lastKnownFileType = sourcecode.swift; path = PostViewController.swift; sourceTree = "<group>"; };
		A96E6861274C23D80026BB8F /* EditProfileViewController.swift */ = {isa = PBXFileReference; lastKnownFileType = sourcecode.swift; path = EditProfileViewController.swift; sourceTree = "<group>"; };
		A96E6863274C23F40026BB8F /* SettingsViewController.swift */ = {isa = PBXFileReference; lastKnownFileType = sourcecode.swift; path = SettingsViewController.swift; sourceTree = "<group>"; };
		A96E6865274C24080026BB8F /* ListViewController.swift */ = {isa = PBXFileReference; lastKnownFileType = sourcecode.swift; path = ListViewController.swift; sourceTree = "<group>"; };
		A96E6867274C24190026BB8F /* SearchViewController.swift */ = {isa = PBXFileReference; lastKnownFileType = sourcecode.swift; path = SearchViewController.swift; sourceTree = "<group>"; };
		A96E6869274C24270026BB8F /* SearchResultViewController.swift */ = {isa = PBXFileReference; lastKnownFileType = sourcecode.swift; path = SearchResultViewController.swift; sourceTree = "<group>"; };
		A96E686B274C244E0026BB8F /* PostEditorViewController.swift */ = {isa = PBXFileReference; lastKnownFileType = sourcecode.swift; path = PostEditorViewController.swift; sourceTree = "<group>"; };
		A96E686D274C245E0026BB8F /* PublishPostViewController.swift */ = {isa = PBXFileReference; lastKnownFileType = sourcecode.swift; path = PublishPostViewController.swift; sourceTree = "<group>"; };
/* End PBXFileReference section */

/* Begin PBXFrameworksBuildPhase section */
		A905AA7D274ADF93000DF2DF /* Frameworks */ = {
			isa = PBXFrameworksBuildPhase;
			buildActionMask = 2147483647;
			files = (
			);
			runOnlyForDeploymentPostprocessing = 0;
		};
/* End PBXFrameworksBuildPhase section */

/* Begin PBXGroup section */
		A905AA77274ADF93000DF2DF = {
			isa = PBXGroup;
			children = (
				A905AA82274ADF93000DF2DF /* Instagram */,
				A905AA81274ADF93000DF2DF /* Products */,
			);
			sourceTree = "<group>";
		};
		A905AA81274ADF93000DF2DF /* Products */ = {
			isa = PBXGroup;
			children = (
				A905AA80274ADF93000DF2DF /* Instagram.app */,
			);
			name = Products;
			sourceTree = "<group>";
		};
		A905AA82274ADF93000DF2DF /* Instagram */ = {
			isa = PBXGroup;
			children = (
				A905AA9A274AE1BB000DF2DF /* Resources */,
				A905AA99274AE1A5000DF2DF /* Models */,
				A905AA98274AE19E000DF2DF /* Views */,
				A905AA97274AE01A000DF2DF /* Controllers */,
				A905AA91274ADF96000DF2DF /* Info.plist */,
			);
			path = Instagram;
			sourceTree = "<group>";
		};
		A905AA97274AE01A000DF2DF /* Controllers */ = {
			isa = PBXGroup;
			children = (
				A96E6859274C23540026BB8F /* Other */,
				A905AAA6274AE4F2000DF2DF /* Core Tabs */,
			);
			path = Controllers;
			sourceTree = "<group>";
		};
		A905AA98274AE19E000DF2DF /* Views */ = {
			isa = PBXGroup;
			children = (
				A905AA8C274ADF96000DF2DF /* Assets.xcassets */,
				A905AA9B274AE34F000DF2DF /* Storyboards */,
			);
			path = Views;
			sourceTree = "<group>";
		};
		A905AA99274AE1A5000DF2DF /* Models */ = {
			isa = PBXGroup;
			children = (
			);
			path = Models;
			sourceTree = "<group>";
		};
		A905AA9A274AE1BB000DF2DF /* Resources */ = {
			isa = PBXGroup;
			children = (
				A905AA83274ADF93000DF2DF /* AppDelegate.swift */,
				A905AA85274ADF93000DF2DF /* SceneDelegate.swift */,
			);
			path = Resources;
			sourceTree = "<group>";
		};
		A905AA9B274AE34F000DF2DF /* Storyboards */ = {
			isa = PBXGroup;
			children = (
				A905AA89274ADF93000DF2DF /* Main.storyboard */,
				A905AA8E274ADF96000DF2DF /* LaunchScreen.storyboard */,
			);
			path = Storyboards;
			sourceTree = "<group>";
		};
		A905AAA6274AE4F2000DF2DF /* Core Tabs */ = {
			isa = PBXGroup;
			children = (
				A905AA87274ADF93000DF2DF /* HomeViewController.swift */,
				A905AA9E274AE487000DF2DF /* ExploreViewController.swift */,
				A905AAA0274AE4BE000DF2DF /* CameraViewController.swift */,
				A905AAA2274AE4D1000DF2DF /* NotificationsViewController.swift */,
				A905AAA4274AE4DA000DF2DF /* ProfileViewController.swift */,
			);
			path = "Core Tabs";
			sourceTree = "<group>";
		};
		A96E6859274C23540026BB8F /* Other */ = {
			isa = PBXGroup;
			children = (
				A96E685A274C235E0026BB8F /* Onboarding */,
				A96E685F274C23BD0026BB8F /* PostViewController.swift */,
				A96E6861274C23D80026BB8F /* EditProfileViewController.swift */,
				A96E6863274C23F40026BB8F /* SettingsViewController.swift */,
				A96E6865274C24080026BB8F /* ListViewController.swift */,
				A96E6867274C24190026BB8F /* SearchViewController.swift */,
				A96E6869274C24270026BB8F /* SearchResultViewController.swift */,
				A96E686B274C244E0026BB8F /* PostEditorViewController.swift */,
				A96E686D274C245E0026BB8F /* PublishPostViewController.swift */,
			);
			path = Other;
			sourceTree = "<group>";
		};
		A96E685A274C235E0026BB8F /* Onboarding */ = {
			isa = PBXGroup;
			children = (
				A96E685B274C23810026BB8F /* LoginViewController.swift */,
				A96E685D274C238F0026BB8F /* RegistrationViewController.swift */,
			);
			path = Onboarding;
			sourceTree = "<group>";
		};
/* End PBXGroup section */

/* Begin PBXNativeTarget section */
		A905AA7F274ADF93000DF2DF /* Instagram */ = {
			isa = PBXNativeTarget;
			buildConfigurationList = A905AA94274ADF96000DF2DF /* Build configuration list for PBXNativeTarget "Instagram" */;
			buildPhases = (
				A905AA7C274ADF93000DF2DF /* Sources */,
				A905AA7D274ADF93000DF2DF /* Frameworks */,
				A905AA7E274ADF93000DF2DF /* Resources */,
			);
			buildRules = (
			);
			dependencies = (
			);
			name = Instagram;
			productName = Instagram;
			productReference = A905AA80274ADF93000DF2DF /* Instagram.app */;
			productType = "com.apple.product-type.application";
		};
/* End PBXNativeTarget section */

/* Begin PBXProject section */
		A905AA78274ADF93000DF2DF /* Project object */ = {
			isa = PBXProject;
			attributes = {
				BuildIndependentTargetsInParallel = 1;
				LastSwiftUpdateCheck = 1310;
				LastUpgradeCheck = 1310;
				TargetAttributes = {
					A905AA7F274ADF93000DF2DF = {
						CreatedOnToolsVersion = 13.1;
					};
				};
			};
			buildConfigurationList = A905AA7B274ADF93000DF2DF /* Build configuration list for PBXProject "Instagram" */;
			compatibilityVersion = "Xcode 13.0";
			developmentRegion = en;
			hasScannedForEncodings = 0;
			knownRegions = (
				en,
				Base,
			);
			mainGroup = A905AA77274ADF93000DF2DF;
			productRefGroup = A905AA81274ADF93000DF2DF /* Products */;
			projectDirPath = "";
			projectRoot = "";
			targets = (
				A905AA7F274ADF93000DF2DF /* Instagram */,
			);
		};
/* End PBXProject section */

/* Begin PBXResourcesBuildPhase section */
		A905AA7E274ADF93000DF2DF /* Resources */ = {
			isa = PBXResourcesBuildPhase;
			buildActionMask = 2147483647;
			files = (
				A905AA90274ADF96000DF2DF /* LaunchScreen.storyboard in Resources */,
				A905AA8D274ADF96000DF2DF /* Assets.xcassets in Resources */,
				A905AA8B274ADF93000DF2DF /* Main.storyboard in Resources */,
			);
			runOnlyForDeploymentPostprocessing = 0;
		};
/* End PBXResourcesBuildPhase section */

/* Begin PBXSourcesBuildPhase section */
		A905AA7C274ADF93000DF2DF /* Sources */ = {
			isa = PBXSourcesBuildPhase;
			buildActionMask = 2147483647;
			files = (
				A96E6862274C23D80026BB8F /* EditProfileViewController.swift in Sources */,
				A905AA9F274AE487000DF2DF /* ExploreViewController.swift in Sources */,
				A96E686E274C245E0026BB8F /* PublishPostViewController.swift in Sources */,
				A905AAA1274AE4BF000DF2DF /* CameraViewController.swift in Sources */,
				A905AA88274ADF93000DF2DF /* HomeViewController.swift in Sources */,
				A96E685E274C238F0026BB8F /* RegistrationViewController.swift in Sources */,
				A96E686C274C244E0026BB8F /* PostEditorViewController.swift in Sources */,
				A96E6860274C23BD0026BB8F /* PostViewController.swift in Sources */,
				A905AAA3274AE4D1000DF2DF /* NotificationsViewController.swift in Sources */,
				A96E686A274C24270026BB8F /* SearchResultViewController.swift in Sources */,
				A96E685C274C23810026BB8F /* LoginViewController.swift in Sources */,
				A96E6868274C24190026BB8F /* SearchViewController.swift in Sources */,
				A905AAA5274AE4DA000DF2DF /* ProfileViewController.swift in Sources */,
				A905AA84274ADF93000DF2DF /* AppDelegate.swift in Sources */,
				A905AA86274ADF93000DF2DF /* SceneDelegate.swift in Sources */,
				A96E6866274C24080026BB8F /* ListViewController.swift in Sources */,
				A96E6864274C23F40026BB8F /* SettingsViewController.swift in Sources */,
			);
			runOnlyForDeploymentPostprocessing = 0;
		};
/* End PBXSourcesBuildPhase section */

/* Begin PBXVariantGroup section */
		A905AA89274ADF93000DF2DF /* Main.storyboard */ = {
			isa = PBXVariantGroup;
			children = (
				A905AA8A274ADF93000DF2DF /* Base */,
			);
			name = Main.storyboard;
			sourceTree = "<group>";
		};
		A905AA8E274ADF96000DF2DF /* LaunchScreen.storyboard */ = {
			isa = PBXVariantGroup;
			children = (
				A905AA8F274ADF96000DF2DF /* Base */,
			);
			name = LaunchScreen.storyboard;
			sourceTree = "<group>";
		};
/* End PBXVariantGroup section */

/* Begin XCBuildConfiguration section */
		A905AA92274ADF96000DF2DF /* Debug */ = {
			isa = XCBuildConfiguration;
			buildSettings = {
				ALWAYS_SEARCH_USER_PATHS = NO;
				CLANG_ANALYZER_NONNULL = YES;
				CLANG_ANALYZER_NUMBER_OBJECT_CONVERSION = YES_AGGRESSIVE;
				CLANG_CXX_LANGUAGE_STANDARD = "gnu++17";
				CLANG_CXX_LIBRARY = "libc++";
				CLANG_ENABLE_MODULES = YES;
				CLANG_ENABLE_OBJC_ARC = YES;
				CLANG_ENABLE_OBJC_WEAK = YES;
				CLANG_WARN_BLOCK_CAPTURE_AUTORELEASING = YES;
				CLANG_WARN_BOOL_CONVERSION = YES;
				CLANG_WARN_COMMA = YES;
				CLANG_WARN_CONSTANT_CONVERSION = YES;
				CLANG_WARN_DEPRECATED_OBJC_IMPLEMENTATIONS = YES;
				CLANG_WARN_DIRECT_OBJC_ISA_USAGE = YES_ERROR;
				CLANG_WARN_DOCUMENTATION_COMMENTS = YES;
				CLANG_WARN_EMPTY_BODY = YES;
				CLANG_WARN_ENUM_CONVERSION = YES;
				CLANG_WARN_INFINITE_RECURSION = YES;
				CLANG_WARN_INT_CONVERSION = YES;
				CLANG_WARN_NON_LITERAL_NULL_CONVERSION = YES;
				CLANG_WARN_OBJC_IMPLICIT_RETAIN_SELF = YES;
				CLANG_WARN_OBJC_LITERAL_CONVERSION = YES;
				CLANG_WARN_OBJC_ROOT_CLASS = YES_ERROR;
				CLANG_WARN_QUOTED_INCLUDE_IN_FRAMEWORK_HEADER = YES;
				CLANG_WARN_RANGE_LOOP_ANALYSIS = YES;
				CLANG_WARN_STRICT_PROTOTYPES = YES;
				CLANG_WARN_SUSPICIOUS_MOVE = YES;
				CLANG_WARN_UNGUARDED_AVAILABILITY = YES_AGGRESSIVE;
				CLANG_WARN_UNREACHABLE_CODE = YES;
				CLANG_WARN__DUPLICATE_METHOD_MATCH = YES;
				COPY_PHASE_STRIP = NO;
				DEBUG_INFORMATION_FORMAT = dwarf;
				ENABLE_STRICT_OBJC_MSGSEND = YES;
				ENABLE_TESTABILITY = YES;
				GCC_C_LANGUAGE_STANDARD = gnu11;
				GCC_DYNAMIC_NO_PIC = NO;
				GCC_NO_COMMON_BLOCKS = YES;
				GCC_OPTIMIZATION_LEVEL = 0;
				GCC_PREPROCESSOR_DEFINITIONS = (
					"DEBUG=1",
					"$(inherited)",
				);
				GCC_WARN_64_TO_32_BIT_CONVERSION = YES;
				GCC_WARN_ABOUT_RETURN_TYPE = YES_ERROR;
				GCC_WARN_UNDECLARED_SELECTOR = YES;
				GCC_WARN_UNINITIALIZED_AUTOS = YES_AGGRESSIVE;
				GCC_WARN_UNUSED_FUNCTION = YES;
				GCC_WARN_UNUSED_VARIABLE = YES;
				IPHONEOS_DEPLOYMENT_TARGET = 15.0;
				MTL_ENABLE_DEBUG_INFO = INCLUDE_SOURCE;
				MTL_FAST_MATH = YES;
				ONLY_ACTIVE_ARCH = YES;
				SDKROOT = iphoneos;
				SWIFT_ACTIVE_COMPILATION_CONDITIONS = DEBUG;
				SWIFT_OPTIMIZATION_LEVEL = "-Onone";
			};
			name = Debug;
		};
		A905AA93274ADF96000DF2DF /* Release */ = {
			isa = XCBuildConfiguration;
			buildSettings = {
				ALWAYS_SEARCH_USER_PATHS = NO;
				CLANG_ANALYZER_NONNULL = YES;
				CLANG_ANALYZER_NUMBER_OBJECT_CONVERSION = YES_AGGRESSIVE;
				CLANG_CXX_LANGUAGE_STANDARD = "gnu++17";
				CLANG_CXX_LIBRARY = "libc++";
				CLANG_ENABLE_MODULES = YES;
				CLANG_ENABLE_OBJC_ARC = YES;
				CLANG_ENABLE_OBJC_WEAK = YES;
				CLANG_WARN_BLOCK_CAPTURE_AUTORELEASING = YES;
				CLANG_WARN_BOOL_CONVERSION = YES;
				CLANG_WARN_COMMA = YES;
				CLANG_WARN_CONSTANT_CONVERSION = YES;
				CLANG_WARN_DEPRECATED_OBJC_IMPLEMENTATIONS = YES;
				CLANG_WARN_DIRECT_OBJC_ISA_USAGE = YES_ERROR;
				CLANG_WARN_DOCUMENTATION_COMMENTS = YES;
				CLANG_WARN_EMPTY_BODY = YES;
				CLANG_WARN_ENUM_CONVERSION = YES;
				CLANG_WARN_INFINITE_RECURSION = YES;
				CLANG_WARN_INT_CONVERSION = YES;
				CLANG_WARN_NON_LITERAL_NULL_CONVERSION = YES;
				CLANG_WARN_OBJC_IMPLICIT_RETAIN_SELF = YES;
				CLANG_WARN_OBJC_LITERAL_CONVERSION = YES;
				CLANG_WARN_OBJC_ROOT_CLASS = YES_ERROR;
				CLANG_WARN_QUOTED_INCLUDE_IN_FRAMEWORK_HEADER = YES;
				CLANG_WARN_RANGE_LOOP_ANALYSIS = YES;
				CLANG_WARN_STRICT_PROTOTYPES = YES;
				CLANG_WARN_SUSPICIOUS_MOVE = YES;
				CLANG_WARN_UNGUARDED_AVAILABILITY = YES_AGGRESSIVE;
				CLANG_WARN_UNREACHABLE_CODE = YES;
				CLANG_WARN__DUPLICATE_METHOD_MATCH = YES;
				COPY_PHASE_STRIP = NO;
				DEBUG_INFORMATION_FORMAT = "dwarf-with-dsym";
				ENABLE_NS_ASSERTIONS = NO;
				ENABLE_STRICT_OBJC_MSGSEND = YES;
				GCC_C_LANGUAGE_STANDARD = gnu11;
				GCC_NO_COMMON_BLOCKS = YES;
				GCC_WARN_64_TO_32_BIT_CONVERSION = YES;
				GCC_WARN_ABOUT_RETURN_TYPE = YES_ERROR;
				GCC_WARN_UNDECLARED_SELECTOR = YES;
				GCC_WARN_UNINITIALIZED_AUTOS = YES_AGGRESSIVE;
				GCC_WARN_UNUSED_FUNCTION = YES;
				GCC_WARN_UNUSED_VARIABLE = YES;
				IPHONEOS_DEPLOYMENT_TARGET = 15.0;
				MTL_ENABLE_DEBUG_INFO = NO;
				MTL_FAST_MATH = YES;
				SDKROOT = iphoneos;
				SWIFT_COMPILATION_MODE = wholemodule;
				SWIFT_OPTIMIZATION_LEVEL = "-O";
				VALIDATE_PRODUCT = YES;
			};
			name = Release;
		};
		A905AA95274ADF96000DF2DF /* Debug */ = {
			isa = XCBuildConfiguration;
			buildSettings = {
				ASSETCATALOG_COMPILER_APPICON_NAME = AppIcon;
				ASSETCATALOG_COMPILER_GLOBAL_ACCENT_COLOR_NAME = AccentColor;
				CODE_SIGN_STYLE = Automatic;
				CURRENT_PROJECT_VERSION = 1;
				DEVELOPMENT_TEAM = 3SC225J8HS;
				GENERATE_INFOPLIST_FILE = YES;
				INFOPLIST_FILE = Instagram/Info.plist;
				INFOPLIST_KEY_UIApplicationSupportsIndirectInputEvents = YES;
				INFOPLIST_KEY_UILaunchStoryboardName = LaunchScreen;
				INFOPLIST_KEY_UIMainStoryboardFile = Main;
				INFOPLIST_KEY_UISupportedInterfaceOrientations_iPad = "UIInterfaceOrientationPortrait UIInterfaceOrientationPortraitUpsideDown UIInterfaceOrientationLandscapeLeft UIInterfaceOrientationLandscapeRight";
				INFOPLIST_KEY_UISupportedInterfaceOrientations_iPhone = "UIInterfaceOrientationPortrait UIInterfaceOrientationLandscapeLeft UIInterfaceOrientationLandscapeRight";
				LD_RUNPATH_SEARCH_PATHS = (
					"$(inherited)",
					"@executable_path/Frameworks",
				);
				MARKETING_VERSION = 1.0;
				PRODUCT_BUNDLE_IDENTIFIER = Eddie.Instagram;
				PRODUCT_NAME = "$(TARGET_NAME)";
				SWIFT_EMIT_LOC_STRINGS = YES;
				SWIFT_VERSION = 5.0;
				TARGETED_DEVICE_FAMILY = "1,2";
			};
			name = Debug;
		};
		A905AA96274ADF96000DF2DF /* Release */ = {
			isa = XCBuildConfiguration;
			buildSettings = {
				ASSETCATALOG_COMPILER_APPICON_NAME = AppIcon;
				ASSETCATALOG_COMPILER_GLOBAL_ACCENT_COLOR_NAME = AccentColor;
				CODE_SIGN_STYLE = Automatic;
				CURRENT_PROJECT_VERSION = 1;
				DEVELOPMENT_TEAM = 3SC225J8HS;
				GENERATE_INFOPLIST_FILE = YES;
				INFOPLIST_FILE = Instagram/Info.plist;
				INFOPLIST_KEY_UIApplicationSupportsIndirectInputEvents = YES;
				INFOPLIST_KEY_UILaunchStoryboardName = LaunchScreen;
				INFOPLIST_KEY_UIMainStoryboardFile = Main;
				INFOPLIST_KEY_UISupportedInterfaceOrientations_iPad = "UIInterfaceOrientationPortrait UIInterfaceOrientationPortraitUpsideDown UIInterfaceOrientationLandscapeLeft UIInterfaceOrientationLandscapeRight";
				INFOPLIST_KEY_UISupportedInterfaceOrientations_iPhone = "UIInterfaceOrientationPortrait UIInterfaceOrientationLandscapeLeft UIInterfaceOrientationLandscapeRight";
				LD_RUNPATH_SEARCH_PATHS = (
					"$(inherited)",
					"@executable_path/Frameworks",
				);
				MARKETING_VERSION = 1.0;
				PRODUCT_BUNDLE_IDENTIFIER = Eddie.Instagram;
				PRODUCT_NAME = "$(TARGET_NAME)";
				SWIFT_EMIT_LOC_STRINGS = YES;
				SWIFT_VERSION = 5.0;
				TARGETED_DEVICE_FAMILY = "1,2";
			};
			name = Release;
		};
/* End XCBuildConfiguration section */

/* Begin XCConfigurationList section */
		A905AA7B274ADF93000DF2DF /* Build configuration list for PBXProject "Instagram" */ = {
			isa = XCConfigurationList;
			buildConfigurations = (
				A905AA92274ADF96000DF2DF /* Debug */,
				A905AA93274ADF96000DF2DF /* Release */,
			);
			defaultConfigurationIsVisible = 0;
			defaultConfigurationName = Release;
		};
		A905AA94274ADF96000DF2DF /* Build configuration list for PBXNativeTarget "Instagram" */ = {
			isa = XCConfigurationList;
			buildConfigurations = (
				A905AA95274ADF96000DF2DF /* Debug */,
				A905AA96274ADF96000DF2DF /* Release */,
			);
			defaultConfigurationIsVisible = 0;
			defaultConfigurationName = Release;
		};
/* End XCConfigurationList section */
	};
	rootObject = A905AA78274ADF93000DF2DF /* Project object */;
}
